{
    "name": "pkg-test",
    "version": "1.0.0",
    "lockfileVersion": 3,
    "requires": true,
    "packages": {
        "": {
            "name": "pkg-test",
            "version": "1.0.0",
            "license": "ISC",
            "dependencies": {
                "mozithermodb-settings": "^1.1.4",
                "mozithermomodels": "file:../../mozithermomodels-0.5.0.tgz"
            }
        },
        "node_modules/argparse": {
            "version": "2.0.1",
            "resolved": "https://registry.npmjs.org/argparse/-/argparse-2.0.1.tgz",
            "integrity": "sha512-8+9WqebbFzpX9OR+Wa6O29asIogeRMzcGtAINdpMHHyAg10f05aSFVBbcEqGf/PXw1EjAZ+q2/bEBg3DvurK3Q==",
            "license": "Python-2.0"
        },
        "node_modules/js-yaml": {
            "version": "4.1.1",
            "resolved": "https://registry.npmjs.org/js-yaml/-/js-yaml-4.1.1.tgz",
            "integrity": "sha512-qQKT4zQxXl8lLwBtHMWwaTcGfFOZviOJet3Oy/xmGk2gZH677CJM9EvtfdSkgWcATZhj/55JZ0rmy3myCT5lsA==",
            "license": "MIT",
            "dependencies": {
                "argparse": "^2.0.1"
            },
            "bin": {
                "js-yaml": "bin/js-yaml.js"
            }
        },
        "node_modules/mozicuc": {
            "version": "1.1.1",
            "resolved": "https://registry.npmjs.org/mozicuc/-/mozicuc-1.1.1.tgz",
            "integrity": "sha512-m8VaiPkoj/WNmmLG37fd6RNrhfqIc2TmqjG80CZZLYkCLOpEHVBqyZ+P7f+I5MusMR7XKJ0a1is7qYXNepDstA==",
            "license": "MIT",
            "dependencies": {
                "js-yaml": "^4.1.1"
            }
        },
        "node_modules/mozithermodb": {
            "version": "1.4.0",
            "resolved": "https://registry.npmjs.org/mozithermodb/-/mozithermodb-1.4.0.tgz",
            "integrity": "sha512-ZkDac7Lu/6AbR2ZWTKa0rt9katr1FtaWikEC1PQOk0NDvxtV8iC/015Kendga3owhKJmDbrT4xNvzei2IYRuMg==",
            "license": "Apache-2.0",
            "dependencies": {
                "mozithermodb-settings": "^1.1.4"
            }
        },
        "node_modules/mozithermodb-settings": {
            "version": "1.1.4",
            "resolved": "https://registry.npmjs.org/mozithermodb-settings/-/mozithermodb-settings-1.1.4.tgz",
            "integrity": "sha512-nSlidlSmG/kDaJ4u0nuxRE+eucFGgCl+htO4rzwir5FHTOYoJ0u2LVSts3xOqgUbvHkp3ZuIBcFACNhNrP9POw==",
            "license": "Apache-2.0",
            "dependencies": {
                "zod": "^4.3.6"
            }
        },
        "node_modules/mozithermomodels": {
            "version": "0.5.0",
            "resolved": "file:../../mozithermomodels-0.5.0.tgz",
            "integrity": "sha512-bnsjtz1MaGhIRy5/S/U0nHk++Ub3+yfbAwSck9CZGza28otN1IRsEmZECFH1qtudwYxiuquLuaaTzNHIf4k33w==",
            "license": "Apache-2.0",
            "dependencies": {
                "mozicuc": "^1.1.1",
                "mozithermodb": "^1.4.0",
                "mozithermodb-settings": "^1.1.4"
            }
        },
        "node_modules/zod": {
            "version": "4.3.6",
            "resolved": "https://registry.npmjs.org/zod/-/zod-4.3.6.tgz",
            "integrity": "sha512-rftlrkhHZOcjDwkGlnUtZZkvaPHCsDATp4pGpuOOMDaTdDDXF91wuVDJoWoPsKX/3YPQ5fHuF3STjcYyKr+Qhg==",
            "license": "MIT",
            "funding": {
                "url": "https://github.com/sponsors/colinhacks"
            }
        }
    }
}
